// !$*UTF8*$!
{
	archiveVersion = 1;
	classes = {
	};
	objectVersion = 48;
	objects = {

/* Begin PBXBuildFile section */
		1742AC0B202C0F9600AD384F /* AppDelegate.swift in Sources */ = {isa = PBXBuildFile; fileRef = 1742AC0A202C0F9600AD384F /* AppDelegate.swift */; };
		1742AC0D202C0F9600AD384F /* SelectorVC.swift in Sources */ = {isa = PBXBuildFile; fileRef = 1742AC0C202C0F9600AD384F /* SelectorVC.swift */; };
		1742AC12202C0F9700AD384F /* Assets.xcassets in Resources */ = {isa = PBXBuildFile; fileRef = 1742AC11202C0F9700AD384F /* Assets.xcassets */; };
		17BED9C0202C119A00893F99 /* PickerVC.swift in Sources */ = {isa = PBXBuildFile; fileRef = 17BED9BF202C119A00893F99 /* PickerVC.swift */; };
		6034D763240ADADD00F95733 /* Main.storyboard in Resources */ = {isa = PBXBuildFile; fileRef = 6034D761240ADADD00F95733 /* Main.storyboard */; };
		6034D764240ADADD00F95733 /* LaunchScreen.storyboard in Resources */ = {isa = PBXBuildFile; fileRef = 6034D762240ADADD00F95733 /* LaunchScreen.storyboard */; };
/* End PBXBuildFile section */

/* Begin PBXFileReference section */
		1742AC07202C0F9600AD384F /* PickerViewExample.app */ = {isa = PBXFileReference; explicitFileType = wrapper.application; includeInIndex = 0; path = PickerViewExample.app; sourceTree = BUILT_PRODUCTS_DIR; };
		1742AC0A202C0F9600AD384F /* AppDelegate.swift */ = {isa = PBXFileReference; lastKnownFileType = sourcecode.swift; path = AppDelegate.swift; sourceTree = "<group>"; };
		1742AC0C202C0F9600AD384F /* SelectorVC.swift */ = {isa = PBXFileReference; lastKnownFileType = sourcecode.swift; path = SelectorVC.swift; sourceTree = "<group>"; };
		1742AC11202C0F9700AD384F /* Assets.xcassets */ = {isa = PBXFileReference; lastKnownFileType = folder.assetcatalog; path = Assets.xcassets; sourceTree = "<group>"; };
		1742AC16202C0F9700AD384F /* Info.plist */ = {isa = PBXFileReference; lastKnownFileType = text.plist.xml; path = Info.plist; sourceTree = "<group>"; };
		17BED9BF202C119A00893F99 /* PickerVC.swift */ = {isa = PBXFileReference; lastKnownFileType = sourcecode.swift; path = PickerVC.swift; sourceTree = "<group>"; };
		6034D761240ADADD00F95733 /* Main.storyboard */ = {isa = PBXFileReference; fileEncoding = 4; lastKnownFileType = file.storyboard; path = Main.storyboard; sourceTree = "<group>"; };
		6034D762240ADADD00F95733 /* LaunchScreen.storyboard */ = {isa = PBXFileReference; fileEncoding = 4; lastKnownFileType = file.storyboard; path = LaunchScreen.storyboard; sourceTree = "<group>"; };
/* End PBXFileReference section */

/* Begin PBXFrameworksBuildPhase section */
		1742AC04202C0F9600AD384F /* Frameworks */ = {
			isa = PBXFrameworksBuildPhase;
			buildActionMask = 2147483647;
			files = (
			);
			runOnlyForDeploymentPostprocessing = 0;
		};
/* End PBXFrameworksBuildPhase section */

/* Begin PBXGroup section */
		1742ABFE202C0F9600AD384F = {
			isa = PBXGroup;
			children = (
				1742AC09202C0F9600AD384F /* PickerViewExample */,
				1742AC08202C0F9600AD384F /* Products */,
			);
			sourceTree = "<group>";
		};
		1742AC08202C0F9600AD384F /* Products */ = {
			isa = PBXGroup;
			children = (
				1742AC07202C0F9600AD384F /* PickerViewExample.app */,
			);
			name = Products;
			sourceTree = "<group>";
		};
		1742AC09202C0F9600AD384F /* PickerViewExample */ = {
			isa = PBXGroup;
			children = (
				6034D75D240AD82700F95733 /* Application */,
				6034D75E240AD86F00F95733 /* VCs */,
				6034D75F240AD88900F95733 /* Storyboards */,
				6034D760240AD89200F95733 /* SupportFiles */,
			);
			path = PickerViewExample;
			sourceTree = "<group>";
		};
		6034D75D240AD82700F95733 /* Application */ = {
			isa = PBXGroup;
			children = (
				1742AC0A202C0F9600AD384F /* AppDelegate.swift */,
			);
			path = Application;
			sourceTree = "<group>";
		};
		6034D75E240AD86F00F95733 /* VCs */ = {
			isa = PBXGroup;
			children = (
				1742AC0C202C0F9600AD384F /* SelectorVC.swift */,
				17BED9BF202C119A00893F99 /* PickerVC.swift */,
			);
			path = VCs;
			sourceTree = "<group>";
		};
		6034D75F240AD88900F95733 /* Storyboards */ = {
			isa = PBXGroup;
			children = (
				6034D762240ADADD00F95733 /* LaunchScreen.storyboard */,
				6034D761240ADADD00F95733 /* Main.storyboard */,
			);
			path = Storyboards;
			sourceTree = "<group>";
		};
		6034D760240AD89200F95733 /* SupportFiles */ = {
			isa = PBXGroup;
			children = (
				1742AC11202C0F9700AD384F /* Assets.xcassets */,
				1742AC16202C0F9700AD384F /* Info.plist */,
			);
			path = SupportFiles;
			sourceTree = "<group>";
		};
/* End PBXGroup section */

/* Begin PBXNativeTarget section */
		1742AC06202C0F9600AD384F /* PickerViewExample */ = {
			isa = PBXNativeTarget;
			buildConfigurationList = 1742AC2F202C0F9700AD384F /* Build configuration list for PBXNativeTarget "PickerViewExample" */;
			buildPhases = (
				1742AC03202C0F9600AD384F /* Sources */,
				1742AC04202C0F9600AD384F /* Frameworks */,
				1742AC05202C0F9600AD384F /* Resources */,
			);
			buildRules = (
			);
			dependencies = (
			);
			name = PickerViewExample;
			productName = TestModelPresentation;
			productReference = 1742AC07202C0F9600AD384F /* PickerViewExample.app */;
			productType = "com.apple.product-type.application";
		};
/* End PBXNativeTarget section */

/* Begin PBXProject section */
		1742ABFF202C0F9600AD384F /* Project object */ = {
			isa = PBXProject;
			attributes = {
				LastSwiftUpdateCheck = 0920;
				LastUpgradeCheck = 1130;
				ORGANIZATIONNAME = "Elegant Media Pvt Ltd";
				TargetAttributes = {
					1742AC06202C0F9600AD384F = {
						CreatedOnToolsVersion = 9.2;
						ProvisioningStyle = Automatic;
					};
				};
			};
			buildConfigurationList = 1742AC02202C0F9600AD384F /* Build configuration list for PBXProject "PickerViewExample" */;
			compatibilityVersion = "Xcode 8.0";
			developmentRegion = en;
			hasScannedForEncodings = 0;
			knownRegions = (
				en,
				Base,
			);
			mainGroup = 1742ABFE202C0F9600AD384F;
			productRefGroup = 1742AC08202C0F9600AD384F /* Products */;
			projectDirPath = "";
			projectRoot = "";
			targets = (
				1742AC06202C0F9600AD384F /* PickerViewExample */,
			);
		};
/* End PBXProject section */

/* Begin PBXResourcesBuildPhase section */
		1742AC05202C0F9600AD384F /* Resources */ = {
			isa = PBXResourcesBuildPhase;
			buildActionMask = 2147483647;
			files = (
				6034D764240ADADD00F95733 /* LaunchScreen.storyboard in Resources */,
				1742AC12202C0F9700AD384F /* Assets.xcassets in Resources */,
				6034D763240ADADD00F95733 /* Main.storyboard in Resources */,
			);
			runOnlyForDeploymentPostprocessing = 0;
		};
/* End PBXResourcesBuildPhase section */

/* Begin PBXSourcesBuildPhase section */
		1742AC03202C0F9600AD384F /* Sources */ = {
			isa = PBXSourcesBuildPhase;
			buildActionMask = 2147483647;
			files = (
				17BED9C0202C119A00893F99 /* PickerVC.swift in Sources */,
				1742AC0D202C0F9600AD384F /* SelectorVC.swift in Sources */,
				1742AC0B202C0F9600AD384F /* AppDelegate.swift in Sources */,
			);
			runOnlyForDeploymentPostprocessing = 0;
		};
/* End PBXSourcesBuildPhase section */

/* Begin XCBuildConfiguration section */
		1742AC2D202C0F9700AD384F /* Debug */ = {
			isa = XCBuildConfiguration;
			buildSettings = {
				ALWAYS_SEARCH_USER_PATHS = NO;
				CLANG_ANALYZER_NONNULL = YES;
				CLANG_ANALYZER_NUMBER_OBJECT_CONVERSION = YES_AGGRESSIVE;
				CLANG_CXX_LANGUAGE_STANDARD = "gnu++14";
				CLANG_CXX_LIBRARY = "libc++";
				CLANG_ENABLE_MODULES = YES;
				CLANG_ENABLE_OBJC_ARC = YES;
				CLANG_WARN_BLOCK_CAPTURE_AUTORELEASING = YES;
				CLANG_WARN_BOOL_CONVERSION = YES;
				CLANG_WARN_COMMA = YES;
				CLANG_WARN_CONSTANT_CONVERSION = YES;
				CLANG_WARN_DEPRECATED_OBJC_IMPLEMENTATIONS = YES;
				CLANG_WARN_DIRECT_OBJC_ISA_USAGE = YES_ERROR;
				CLANG_WARN_DOCUMENTATION_COMMENTS = YES;
				CLANG_WARN_EMPTY_BODY = YES;
				CLANG_WARN_ENUM_CONVERSION = YES;
				CLANG_WARN_INFINITE_RECURSION = YES;
				CLANG_WARN_INT_CONVERSION = YES;
				CLANG_WARN_NON_LITERAL_NULL_CONVERSION = YES;
				CLANG_WARN_OBJC_IMPLICIT_RETAIN_SELF = YES;
				CLANG_WARN_OBJC_LITERAL_CONVERSION = YES;
				CLANG_WARN_OBJC_ROOT_CLASS = YES_ERROR;
				CLANG_WARN_RANGE_LOOP_ANALYSIS = YES;
				CLANG_WARN_STRICT_PROTOTYPES = YES;
				CLANG_WARN_SUSPICIOUS_MOVE = YES;
				CLANG_WARN_UNGUARDED_AVAILABILITY = YES_AGGRESSIVE;
				CLANG_WARN_UNREACHABLE_CODE = YES;
				CLANG_WARN__DUPLICATE_METHOD_MATCH = YES;
				CODE_SIGN_IDENTITY = "iPhone Developer";
				COPY_PHASE_STRIP = NO;
				DEBUG_INFORMATION_FORMAT = dwarf;
				ENABLE_STRICT_OBJC_MSGSEND = YES;
				ENABLE_TESTABILITY = YES;
				GCC_C_LANGUAGE_STANDARD = gnu11;
				GCC_DYNAMIC_NO_PIC = NO;
				GCC_NO_COMMON_BLOCKS = YES;
				GCC_OPTIMIZATION_LEVEL = 0;
				GCC_PREPROCESSOR_DEFINITIONS = (
					"DEBUG=1",
					"$(inherited)",
				);
				GCC_WARN_64_TO_32_BIT_CONVERSION = YES;
				GCC_WARN_ABOUT_RETURN_TYPE = YES_ERROR;
				GCC_WARN_UNDECLARED_SELECTOR = YES;
				GCC_WARN_UNINITIALIZED_AUTOS = YES_AGGRESSIVE;
				GCC_WARN_UNUSED_FUNCTION = YES;
				GCC_WARN_UNUSED_VARIABLE = YES;
				IPHONEOS_DEPLOYMENT_TARGET = 10.0;
				MTL_ENABLE_DEBUG_INFO = YES;
				ONLY_ACTIVE_ARCH = YES;
				SDKROOT = iphoneos;
				SWIFT_ACTIVE_COMPILATION_CONDITIONS = DEBUG;
				SWIFT_OPTIMIZATION_LEVEL = "-Onone";
			};
			name = Debug;
		};
		1742AC2E202C0F9700AD384F /* Release */ = {
			isa = XCBuildConfiguration;
			buildSettings = {
				ALWAYS_SEARCH_USER_PATHS = NO;
				CLANG_ANALYZER_NONNULL = YES;
				CLANG_ANALYZER_NUMBER_OBJECT_CONVERSION = YES_AGGRESSIVE;
				CLANG_CXX_LANGUAGE_STANDARD = "gnu++14";
				CLANG_CXX_LIBRARY = "libc++";
				CLANG_ENABLE_MODULES = YES;
				CLANG_ENABLE_OBJC_ARC = YES;
				CLANG_WARN_BLOCK_CAPTURE_AUTORELEASING = YES;
				CLANG_WARN_BOOL_CONVERSION = YES;
				CLANG_WARN_COMMA = YES;
				CLANG_WARN_CONSTANT_CONVERSION = YES;
				CLANG_WARN_DEPRECATED_OBJC_IMPLEMENTATIONS = YES;
				CLANG_WARN_DIRECT_OBJC_ISA_USAGE = YES_ERROR;
				CLANG_WARN_DOCUMENTATION_COMMENTS = YES;
				CLANG_WARN_EMPTY_BODY = YES;
				CLANG_WARN_ENUM_CONVERSION = YES;
				CLANG_WARN_INFINITE_RECURSION = YES;
				CLANG_WARN_INT_CONVERSION = YES;
				CLANG_WARN_NON_LITERAL_NULL_CONVERSION = YES;
				CLANG_WARN_OBJC_IMPLICIT_RETAIN_SELF = YES;
				CLANG_WARN_OBJC_LITERAL_CONVERSION = YES;
				CLANG_WARN_OBJC_ROOT_CLASS = YES_ERROR;
				CLANG_WARN_RANGE_LOOP_ANALYSIS = YES;
				CLANG_WARN_STRICT_PROTOTYPES = YES;
				CLANG_WARN_SUSPICIOUS_MOVE = YES;
				CLANG_WARN_UNGUARDED_AVAILABILITY = YES_AGGRESSIVE;
				CLANG_WARN_UNREACHABLE_CODE = YES;
				CLANG_WARN__DUPLICATE_METHOD_MATCH = YES;
				CODE_SIGN_IDENTITY = "iPhone Developer";
				COPY_PHASE_STRIP = NO;
				DEBUG_INFORMATION_FORMAT = "dwarf-with-dsym";
				ENABLE_NS_ASSERTIONS = NO;
				ENABLE_STRICT_OBJC_MSGSEND = YES;
				GCC_C_LANGUAGE_STANDARD = gnu11;
				GCC_NO_COMMON_BLOCKS = YES;
				GCC_WARN_64_TO_32_BIT_CONVERSION = YES;
				GCC_WARN_ABOUT_RETURN_TYPE = YES_ERROR;
				GCC_WARN_UNDECLARED_SELECTOR = YES;
				GCC_WARN_UNINITIALIZED_AUTOS = YES_AGGRESSIVE;
				GCC_WARN_UNUSED_FUNCTION = YES;
				GCC_WARN_UNUSED_VARIABLE = YES;
				IPHONEOS_DEPLOYMENT_TARGET = 10.0;
				MTL_ENABLE_DEBUG_INFO = NO;
				SDKROOT = iphoneos;
				SWIFT_OPTIMIZATION_LEVEL = "-Owholemodule";
				VALIDATE_PRODUCT = YES;
			};
			name = Release;
		};
		1742AC30202C0F9700AD384F /* Debug */ = {
			isa = XCBuildConfiguration;
			buildSettings = {
				ASSETCATALOG_COMPILER_APPICON_NAME = AppIcon;
				CODE_SIGN_STYLE = Automatic;
				DEVELOPMENT_TEAM = 3HN8WQ4XK9;
				INFOPLIST_FILE = PickerViewExample/SupportFiles/Info.plist;
				LD_RUNPATH_SEARCH_PATHS = "$(inherited) @executable_path/Frameworks";
				PRODUCT_BUNDLE_IDENTIFIER = com.ryra.PickerViewExample;
				PRODUCT_NAME = "$(TARGET_NAME)";
				SWIFT_VERSION = 5.0;
				TARGETED_DEVICE_FAMILY = "1,2";
			};
			name = Debug;
		};
		1742AC31202C0F9700AD384F /* Release */ = {
			isa = XCBuildConfiguration;
			buildSettings = {
				ASSETCATALOG_COMPILER_APPICON_NAME = AppIcon;
				CODE_SIGN_STYLE = Automatic;
				DEVELOPMENT_TEAM = 3HN8WQ4XK9;
				INFOPLIST_FILE = PickerViewExample/SupportFiles/Info.plist;
				LD_RUNPATH_SEARCH_PATHS = "$(inherited) @executable_path/Frameworks";
				PRODUCT_BUNDLE_IDENTIFIER = com.ryra.PickerViewExample;
				PRODUCT_NAME = "$(TARGET_NAME)";
				SWIFT_VERSION = 5.0;
				TARGETED_DEVICE_FAMILY = "1,2";
			};
			name = Release;
		};
/* End XCBuildConfiguration section */

/* Begin XCConfigurationList section */
		1742AC02202C0F9600AD384F /* Build configuration list for PBXProject "PickerViewExample" */ = {
			isa = XCConfigurationList;
			buildConfigurations = (
				1742AC2D202C0F9700AD384F /* Debug */,
				1742AC2E202C0F9700AD384F /* Release */,
			);
			defaultConfigurationIsVisible = 0;
			defaultConfigurationName = Release;
		};
		1742AC2F202C0F9700AD384F /* Build configuration list for PBXNativeTarget "PickerViewExample" */ = {
			isa = XCConfigurationList;
			buildConfigurations = (
				1742AC30202C0F9700AD384F /* Debug */,
				1742AC31202C0F9700AD384F /* Release */,
			);
			defaultConfigurationIsVisible = 0;
			defaultConfigurationName = Release;
		};
/* End XCConfigurationList section */
	};
	rootObject = 1742ABFF202C0F9600AD384F /* Project object */;
}
